
Microsoft Visual Studio Solution File, Format Version 12.00
# Visual Studio Version 17
VisualStudioVersion = 17.4.33213.308
MinimumVisualStudioVersion = 10.0.40219.1
Project("{FAE04EC0-301F-11D3-BF4B-00C04F79EFBC}") = "KTNEBombSolver", "KTNEBombSolver\KTNEBombSolver.csproj", "{740672B5-62F8-4B93-A405-95A139031C19}"
EndProject
Global
	GlobalSection(SolutionConfigurationPlatforms) = preSolution
		Debug|Any CPU = Debug|Any CPU
		Release|Any CPU = Release|Any CPU
	EndGlobalSection
	GlobalSection(ProjectConfigurationPlatforms) = postSolution
		{740672B5-62F8-4B93-A405-95A139031C19}.Debug|Any CPU.ActiveCfg = Debug|Any CPU
		{740672B5-62F8-4B93-A405-95A139031C19}.Debug|Any CPU.Build.0 = Debug|Any CPU
		{740672B5-62F8-4B93-A405-95A139031C19}.Release|Any CPU.ActiveCfg = Release|Any CPU
		{740672B5-62F8-4B93-A405-95A139031C19}.Release|Any CPU.Build.0 = Release|Any CPU
	EndGlobalSection
	GlobalSection(SolutionProperties) = preSolution
		HideSolutionNode = FALSE
	EndGlobalSection
	GlobalSection(ExtensibilityGlobals) = postSolution
		SolutionGuid = {EDFFB243-6565-4D3B-893A-B1190283D79F}
	EndGlobalSection
EndGlobal
